
Microsoft Visual Studio Solution File, Format Version 12.00
# Visual Studio Version 16
VisualStudioVersion = 16.0.31229.75
MinimumVisualStudioVersion = 10.0.40219.1
Project("{FAE04EC0-301F-11D3-BF4B-00C04F79EFBC}") = "RTLDemo.UWP", "RTLDemo\RTLDemo.UWP\RTLDemo.UWP.csproj", "{DD6D8385-08FA-481F-9AA1-3F85FA130988}"
EndProject
Project("{FAE04EC0-301F-11D3-BF4B-00C04F79EFBC}") = "RTLDemo.Android", "RTLDemo\RTLDemo.Android\RTLDemo.Android.csproj", "{F0145ED7-7B6D-42AC-9A7D-E9D4C20C6FC9}"
EndProject
Project("{FAE04EC0-301F-11D3-BF4B-00C04F79EFBC}") = "RTLDemo.iOS", "RTLDemo\RTLDemo.iOS\RTLDemo.iOS.csproj", "{073DB3EC-CC7E-46A5-9A0A-3C234092FA84}"
EndProject
Project("{FAE04EC0-301F-11D3-BF4B-00C04F79EFBC}") = "RTLDemo", "RTLDemo\RTLDemo\RTLDemo.csproj", "{DEA36531-FFB2-4603-8A6D-94F4E507022B}"
EndProject
Global
	GlobalSection(SolutionConfigurationPlatforms) = preSolution
		Debug|Any CPU = Debug|Any CPU
		Debug|ARM = Debug|ARM
		Debug|iPhone = Debug|iPhone
		Debug|iPhoneSimulator = Debug|iPhoneSimulator
		Debug|x64 = Debug|x64
		Debug|x86 = Debug|x86
		Release|Any CPU = Release|Any CPU
		Release|ARM = Release|ARM
		Release|iPhone = Release|iPhone
		Release|iPhoneSimulator = Release|iPhoneSimulator
		Release|x64 = Release|x64
		Release|x86 = Release|x86
	EndGlobalSection
	GlobalSection(ProjectConfigurationPlatforms) = postSolution
		{DD6D8385-08FA-481F-9AA1-3F85FA130988}.Debug|Any CPU.ActiveCfg = Debug|x86
		{DD6D8385-08FA-481F-9AA1-3F85FA130988}.Debug|Any CPU.Build.0 = Debug|x86
		{DD6D8385-08FA-481F-9AA1-3F85FA130988}.Debug|Any CPU.Deploy.0 = Debug|x86
		{DD6D8385-08FA-481F-9AA1-3F85FA130988}.Debug|ARM.ActiveCfg = Debug|ARM
		{DD6D8385-08FA-481F-9AA1-3F85FA130988}.Debug|ARM.Build.0 = Debug|ARM
		{DD6D8385-08FA-481F-9AA1-3F85FA130988}.Debug|ARM.Deploy.0 = Debug|ARM
		{DD6D8385-08FA-481F-9AA1-3F85FA130988}.Debug|iPhone.ActiveCfg = Debug|x86
		{DD6D8385-08FA-481F-9AA1-3F85FA130988}.Debug|iPhone.Build.0 = Debug|x86
		{DD6D8385-08FA-481F-9AA1-3F85FA130988}.Debug|iPhone.Deploy.0 = Debug|x86
		{DD6D8385-08FA-481F-9AA1-3F85FA130988}.Debug|iPhoneSimulator.ActiveCfg = Debug|x86
		{DD6D8385-08FA-481F-9AA1-3F85FA130988}.Debug|iPhoneSimulator.Build.0 = Debug|x86
		{DD6D8385-08FA-481F-9AA1-3F85FA130988}.Debug|iPhoneSimulator.Deploy.0 = Debug|x86
		{DD6D8385-08FA-481F-9AA1-3F85FA130988}.Debug|x64.ActiveCfg = Debug|x64
		{DD6D8385-08FA-481F-9AA1-3F85FA130988}.Debug|x64.Build.0 = Debug|x64
		{DD6D8385-08FA-481F-9AA1-3F85FA130988}.Debug|x64.Deploy.0 = Debug|x64
		{DD6D8385-08FA-481F-9AA1-3F85FA130988}.Debug|x86.ActiveCfg = Debug|x86
		{DD6D8385-08FA-481F-9AA1-3F85FA130988}.Debug|x86.Build.0 = Debug|x86
		{DD6D8385-08FA-481F-9AA1-3F85FA130988}.Debug|x86.Deploy.0 = Debug|x86
		{DD6D8385-08FA-481F-9AA1-3F85FA130988}.Release|Any CPU.ActiveCfg = Release|x86
		{DD6D8385-08FA-481F-9AA1-3F85FA130988}.Release|Any CPU.Build.0 = Release|x86
		{DD6D8385-08FA-481F-9AA1-3F85FA130988}.Release|Any CPU.Deploy.0 = Release|x86
		{DD6D8385-08FA-481F-9AA1-3F85FA130988}.Release|ARM.ActiveCfg = Release|ARM
		{DD6D8385-08FA-481F-9AA1-3F85FA130988}.Release|ARM.Build.0 = Release|ARM
		{DD6D8385-08FA-481F-9AA1-3F85FA130988}.Release|ARM.Deploy.0 = Release|ARM
		{DD6D8385-08FA-481F-9AA1-3F85FA130988}.Release|iPhone.ActiveCfg = Release|x86
		{DD6D8385-08FA-481F-9AA1-3F85FA130988}.Release|iPhone.Build.0 = Release|x86
		{DD6D8385-08FA-481F-9AA1-3F85FA130988}.Release|iPhone.Deploy.0 = Release|x86
		{DD6D8385-08FA-481F-9AA1-3F85FA130988}.Release|iPhoneSimulator.ActiveCfg = Release|x86
		{DD6D8385-08FA-481F-9AA1-3F85FA130988}.Release|iPhoneSimulator.Build.0 = Release|x86
		{DD6D8385-08FA-481F-9AA1-3F85FA130988}.Release|iPhoneSimulator.Deploy.0 = Release|x86
		{DD6D8385-08FA-481F-9AA1-3F85FA130988}.Release|x64.ActiveCfg = Release|x64
		{DD6D8385-08FA-481F-9AA1-3F85FA130988}.Release|x64.Build.0 = Release|x64
		{DD6D8385-08FA-481F-9AA1-3F85FA130988}.Release|x64.Deploy.0 = Release|x64
		{DD6D8385-08FA-481F-9AA1-3F85FA130988}.Release|x86.ActiveCfg = Release|x86
		{DD6D8385-08FA-481F-9AA1-3F85FA130988}.Release|x86.Build.0 = Release|x86
		{DD6D8385-08FA-481F-9AA1-3F85FA130988}.Release|x86.Deploy.0 = Release|x86
		{F0145ED7-7B6D-42AC-9A7D-E9D4C20C6FC9}.Debug|Any CPU.ActiveCfg = Debug|Any CPU
		{F0145ED7-7B6D-42AC-9A7D-E9D4C20C6FC9}.Debug|Any CPU.Build.0 = Debug|Any CPU
		{F0145ED7-7B6D-42AC-9A7D-E9D4C20C6FC9}.Debug|Any CPU.Deploy.0 = Debug|Any CPU
		{F0145ED7-7B6D-42AC-9A7D-E9D4C20C6FC9}.Debug|ARM.ActiveCfg = Debug|Any CPU
		{F0145ED7-7B6D-42AC-9A7D-E9D4C20C6FC9}.Debug|ARM.Build.0 = Debug|Any CPU
		{F0145ED7-7B6D-42AC-9A7D-E9D4C20C6FC9}.Debug|ARM.Deploy.0 = Debug|Any CPU
		{F0145ED7-7B6D-42AC-9A7D-E9D4C20C6FC9}.Debug|iPhone.ActiveCfg = Debug|Any CPU
		{F0145ED7-7B6D-42AC-9A7D-E9D4C20C6FC9}.Debug|iPhone.Build.0 = Debug|Any CPU
		{F0145ED7-7B6D-42AC-9A7D-E9D4C20C6FC9}.Debug|iPhone.Deploy.0 = Debug|Any CPU
		{F0145ED7-7B6D-42AC-9A7D-E9D4C20C6FC9}.Debug|iPhoneSimulator.ActiveCfg = Debug|Any CPU
		{F0145ED7-7B6D-42AC-9A7D-E9D4C20C6FC9}.Debug|iPhoneSimulator.Build.0 = Debug|Any CPU
		{F0145ED7-7B6D-42AC-9A7D-E9D4C20C6FC9}.Debug|iPhoneSimulator.Deploy.0 = Debug|Any CPU
		{F0145ED7-7B6D-42AC-9A7D-E9D4C20C6FC9}.Debug|x64.ActiveCfg = Debug|Any CPU
		{F0145ED7-7B6D-42AC-9A7D-E9D4C20C6FC9}.Debug|x64.Build.0 = Debug|Any CPU
		{F0145ED7-7B6D-42AC-9A7D-E9D4C20C6FC9}.Debug|x64.Deploy.0 = Debug|Any CPU
		{F0145ED7-7B6D-42AC-9A7D-E9D4C20C6FC9}.Debug|x86.ActiveCfg = Debug|Any CPU
		{F0145ED7-7B6D-42AC-9A7D-E9D4C20C6FC9}.Debug|x86.Build.0 = Debug|Any CPU
		{F0145ED7-7B6D-42AC-9A7D-E9D4C20C6FC9}.Debug|x86.Deploy.0 = Debug|Any CPU
		{F0145ED7-7B6D-42AC-9A7D-E9D4C20C6FC9}.Release|Any CPU.ActiveCfg = Release|Any CPU
		{F0145ED7-7B6D-42AC-9A7D-E9D4C20C6FC9}.Release|Any CPU.Build.0 = Release|Any CPU
		{F0145ED7-7B6D-42AC-9A7D-E9D4C20C6FC9}.Release|Any CPU.Deploy.0 = Release|Any CPU
		{F0145ED7-7B6D-42AC-9A7D-E9D4C20C6FC9}.Release|ARM.ActiveCfg = Release|Any CPU
		{F0145ED7-7B6D-42AC-9A7D-E9D4C20C6FC9}.Release|ARM.Build.0 = Release|Any CPU
		{F0145ED7-7B6D-42AC-9A7D-E9D4C20C6FC9}.Release|ARM.Deploy.0 = Release|Any CPU
		{F0145ED7-7B6D-42AC-9A7D-E9D4C20C6FC9}.Release|iPhone.ActiveCfg = Release|Any CPU
		{F0145ED7-7B6D-42AC-9A7D-E9D4C20C6FC9}.Release|iPhone.Build.0 = Release|Any CPU
		{F0145ED7-7B6D-42AC-9A7D-E9D4C20C6FC9}.Release|iPhone.Deploy.0 = Release|Any CPU
		{F0145ED7-7B6D-42AC-9A7D-E9D4C20C6FC9}.Release|iPhoneSimulator.ActiveCfg = Release|Any CPU
		{F0145ED7-7B6D-42AC-9A7D-E9D4C20C6FC9}.Release|iPhoneSimulator.Build.0 = Release|Any CPU
		{F0145ED7-7B6D-42AC-9A7D-E9D4C20C6FC9}.Release|iPhoneSimulator.Deploy.0 = Release|Any CPU
		{F0145ED7-7B6D-42AC-9A7D-E9D4C20C6FC9}.Release|x64.ActiveCfg = Release|Any CPU
		{F0145ED7-7B6D-42AC-9A7D-E9D4C20C6FC9}.Release|x64.Build.0 = Release|Any CPU
		{F0145ED7-7B6D-42AC-9A7D-E9D4C20C6FC9}.Release|x64.Deploy.0 = Release|Any CPU
		{F0145ED7-7B6D-42AC-9A7D-E9D4C20C6FC9}.Release|x86.ActiveCfg = Release|Any CPU
		{F0145ED7-7B6D-42AC-9A7D-E9D4C20C6FC9}.Release|x86.Build.0 = Release|Any CPU
		{F0145ED7-7B6D-42AC-9A7D-E9D4C20C6FC9}.Release|x86.Deploy.0 = Release|Any CPU
		{073DB3EC-CC7E-46A5-9A0A-3C234092FA84}.Debug|Any CPU.ActiveCfg = Debug|iPhoneSimulator
		{073DB3EC-CC7E-46A5-9A0A-3C234092FA84}.Debug|Any CPU.Build.0 = Debug|iPhoneSimulator
		{073DB3EC-CC7E-46A5-9A0A-3C234092FA84}.Debug|Any CPU.Deploy.0 = Debug|iPhoneSimulator
		{073DB3EC-CC7E-46A5-9A0A-3C234092FA84}.Debug|ARM.ActiveCfg = Debug|iPhone
		{073DB3EC-CC7E-46A5-9A0A-3C234092FA84}.Debug|ARM.Build.0 = Debug|iPhone
		{073DB3EC-CC7E-46A5-9A0A-3C234092FA84}.Debug|ARM.Deploy.0 = Debug|iPhone
		{073DB3EC-CC7E-46A5-9A0A-3C234092FA84}.Debug|iPhone.ActiveCfg = Debug|iPhone
		{073DB3EC-CC7E-46A5-9A0A-3C234092FA84}.Debug|iPhone.Build.0 = Debug|iPhone
		{073DB3EC-CC7E-46A5-9A0A-3C234092FA84}.Debug|iPhone.Deploy.0 = Debug|iPhone
		{073DB3EC-CC7E-46A5-9A0A-3C234092FA84}.Debug|iPhoneSimulator.ActiveCfg = Debug|iPhoneSimulator
		{073DB3EC-CC7E-46A5-9A0A-3C234092FA84}.Debug|iPhoneSimulator.Build.0 = Debug|iPhoneSimulator
		{073DB3EC-CC7E-46A5-9A0A-3C234092FA84}.Debug|iPhoneSimulator.Deploy.0 = Debug|iPhoneSimulator
		{073DB3EC-CC7E-46A5-9A0A-3C234092FA84}.Debug|x64.ActiveCfg = Debug|iPhoneSimulator
		{073DB3EC-CC7E-46A5-9A0A-3C234092FA84}.Debug|x64.Build.0 = Debug|iPhoneSimulator
		{073DB3EC-CC7E-46A5-9A0A-3C234092FA84}.Debug|x64.Deploy.0 = Debug|iPhoneSimulator
		{073DB3EC-CC7E-46A5-9A0A-3C234092FA84}.Debug|x86.ActiveCfg = Debug|iPhoneSimulator
		{073DB3EC-CC7E-46A5-9A0A-3C234092FA84}.Debug|x86.Build.0 = Debug|iPhoneSimulator
		{073DB3EC-CC7E-46A5-9A0A-3C234092FA84}.Debug|x86.Deploy.0 = Debug|iPhoneSimulator
		{073DB3EC-CC7E-46A5-9A0A-3C234092FA84}.Release|Any CPU.ActiveCfg = Release|iPhoneSimulator
		{073DB3EC-CC7E-46A5-9A0A-3C234092FA84}.Release|Any CPU.Build.0 = Release|iPhoneSimulator
		{073DB3EC-CC7E-46A5-9A0A-3C234092FA84}.Release|Any CPU.Deploy.0 = Release|iPhoneSimulator
		{073DB3EC-CC7E-46A5-9A0A-3C234092FA84}.Release|ARM.ActiveCfg = Release|iPhoneSimulator
		{073DB3EC-CC7E-46A5-9A0A-3C234092FA84}.Release|ARM.Build.0 = Release|iPhoneSimulator
		{073DB3EC-CC7E-46A5-9A0A-3C234092FA84}.Release|ARM.Deploy.0 = Release|iPhoneSimulator
		{073DB3EC-CC7E-46A5-9A0A-3C234092FA84}.Release|iPhone.ActiveCfg = Release|iPhone
		{073DB3EC-CC7E-46A5-9A0A-3C234092FA84}.Release|iPhone.Build.0 = Release|iPhone
		{073DB3EC-CC7E-46A5-9A0A-3C234092FA84}.Release|iPhone.Deploy.0 = Release|iPhone
		{073DB3EC-CC7E-46A5-9A0A-3C234092FA84}.Release|iPhoneSimulator.ActiveCfg = Release|iPhoneSimulator
		{073DB3EC-CC7E-46A5-9A0A-3C234092FA84}.Release|iPhoneSimulator.Build.0 = Release|iPhoneSimulator
		{073DB3EC-CC7E-46A5-9A0A-3C234092FA84}.Release|iPhoneSimulator.Deploy.0 = Release|iPhoneSimulator
		{073DB3EC-CC7E-46A5-9A0A-3C234092FA84}.Release|x64.ActiveCfg = Release|iPhoneSimulator
		{073DB3EC-CC7E-46A5-9A0A-3C234092FA84}.Release|x64.Build.0 = Release|iPhoneSimulator
		{073DB3EC-CC7E-46A5-9A0A-3C234092FA84}.Release|x64.Deploy.0 = Release|iPhoneSimulator
		{073DB3EC-CC7E-46A5-9A0A-3C234092FA84}.Release|x86.ActiveCfg = Release|iPhoneSimulator
		{073DB3EC-CC7E-46A5-9A0A-3C234092FA84}.Release|x86.Build.0 = Release|iPhoneSimulator
		{073DB3EC-CC7E-46A5-9A0A-3C234092FA84}.Release|x86.Deploy.0 = Release|iPhoneSimulator
		{DEA36531-FFB2-4603-8A6D-94F4E507022B}.Debug|Any CPU.ActiveCfg = Debug|Any CPU
		{DEA36531-FFB2-4603-8A6D-94F4E507022B}.Debug|Any CPU.Build.0 = Debug|Any CPU
		{DEA36531-FFB2-4603-8A6D-94F4E507022B}.Debug|Any CPU.Deploy.0 = Debug|Any CPU
		{DEA36531-FFB2-4603-8A6D-94F4E507022B}.Debug|ARM.ActiveCfg = Debug|Any CPU
		{DEA36531-FFB2-4603-8A6D-94F4E507022B}.Debug|ARM.Build.0 = Debug|Any CPU
		{DEA36531-FFB2-4603-8A6D-94F4E507022B}.Debug|ARM.Deploy.0 = Debug|Any CPU
		{DEA36531-FFB2-4603-8A6D-94F4E507022B}.Debug|iPhone.ActiveCfg = Debug|Any CPU
		{DEA36531-FFB2-4603-8A6D-94F4E507022B}.Debug|iPhone.Build.0 = Debug|Any CPU
		{DEA36531-FFB2-4603-8A6D-94F4E507022B}.Debug|iPhone.Deploy.0 = Debug|Any CPU
		{DEA36531-FFB2-4603-8A6D-94F4E507022B}.Debug|iPhoneSimulator.ActiveCfg = Debug|Any CPU
		{DEA36531-FFB2-4603-8A6D-94F4E507022B}.Debug|iPhoneSimulator.Build.0 = Debug|Any CPU
		{DEA36531-FFB2-4603-8A6D-94F4E507022B}.Debug|iPhoneSimulator.Deploy.0 = Debug|Any CPU
		{DEA36531-FFB2-4603-8A6D-94F4E507022B}.Debug|x64.ActiveCfg = Debug|Any CPU
		{DEA36531-FFB2-4603-8A6D-94F4E507022B}.Debug|x64.Build.0 = Debug|Any CPU
		{DEA36531-FFB2-4603-8A6D-94F4E507022B}.Debug|x64.Deploy.0 = Debug|Any CPU
		{DEA36531-FFB2-4603-8A6D-94F4E507022B}.Debug|x86.ActiveCfg = Debug|Any CPU
		{DEA36531-FFB2-4603-8A6D-94F4E507022B}.Debug|x86.Build.0 = Debug|Any CPU
		{DEA36531-FFB2-4603-8A6D-94F4E507022B}.Debug|x86.Deploy.0 = Debug|Any CPU
		{DEA36531-FFB2-4603-8A6D-94F4E507022B}.Release|Any CPU.ActiveCfg = Release|Any CPU
		{DEA36531-FFB2-4603-8A6D-94F4E507022B}.Release|Any CPU.Build.0 = Release|Any CPU
		{DEA36531-FFB2-4603-8A6D-94F4E507022B}.Release|Any CPU.Deploy.0 = Release|Any CPU
		{DEA36531-FFB2-4603-8A6D-94F4E507022B}.Release|ARM.ActiveCfg = Release|Any CPU
		{DEA36531-FFB2-4603-8A6D-94F4E507022B}.Release|ARM.Build.0 = Release|Any CPU
		{DEA36531-FFB2-4603-8A6D-94F4E507022B}.Release|ARM.Deploy.0 = Release|Any CPU
		{DEA36531-FFB2-4603-8A6D-94F4E507022B}.Release|iPhone.ActiveCfg = Release|Any CPU
		{DEA36531-FFB2-4603-8A6D-94F4E507022B}.Release|iPhone.Build.0 = Release|Any CPU
		{DEA36531-FFB2-4603-8A6D-94F4E507022B}.Release|iPhone.Deploy.0 = Release|Any CPU
		{DEA36531-FFB2-4603-8A6D-94F4E507022B}.Release|iPhoneSimulator.ActiveCfg = Release|Any CPU
		{DEA36531-FFB2-4603-8A6D-94F4E507022B}.Release|iPhoneSimulator.Build.0 = Release|Any CPU
		{DEA36531-FFB2-4603-8A6D-94F4E507022B}.Release|iPhoneSimulator.Deploy.0 = Release|Any CPU
		{DEA36531-FFB2-4603-8A6D-94F4E507022B}.Release|x64.ActiveCfg = Release|Any CPU
		{DEA36531-FFB2-4603-8A6D-94F4E507022B}.Release|x64.Build.0 = Release|Any CPU
		{DEA36531-FFB2-4603-8A6D-94F4E507022B}.Release|x64.Deploy.0 = Release|Any CPU
		{DEA36531-FFB2-4603-8A6D-94F4E507022B}.Release|x86.ActiveCfg = Release|Any CPU
		{DEA36531-FFB2-4603-8A6D-94F4E507022B}.Release|x86.Build.0 = Release|Any CPU
		{DEA36531-FFB2-4603-8A6D-94F4E507022B}.Release|x86.Deploy.0 = Release|Any CPU
	EndGlobalSection
	GlobalSection(SolutionProperties) = preSolution
		HideSolutionNode = FALSE
	EndGlobalSection
	GlobalSection(ExtensibilityGlobals) = postSolution
		SolutionGuid = {8F61E263-BDEB-454E-ACDA-D73CBB4F04E3}
	EndGlobalSection
EndGlobal
